
Microsoft Visual Studio Solution File, Format Version 12.00
# Visual Studio Version 17
VisualStudioVersion = 17.8.34309.116
MinimumVisualStudioVersion = 10.0.40219.1
Project("{FAE04EC0-301F-11D3-BF4B-00C04F79EFBC}") = "HomeSyncM3", "HomeSyncM3.csproj", "{B2A5CFA8-65EB-4FF3-A043-980FF4871781}"
EndProject
Global
	GlobalSection(SolutionConfigurationPlatforms) = preSolution
		Debug|Any CPU = Debug|Any CPU
		Release|Any CPU = Release|Any CPU
	EndGlobalSection
	GlobalSection(ProjectConfigurationPlatforms) = postSolution
		{B2A5CFA8-65EB-4FF3-A043-980FF4871781}.Debug|Any CPU.ActiveCfg = Debug|Any CPU
		{B2A5CFA8-65EB-4FF3-A043-980FF4871781}.Debug|Any CPU.Build.0 = Debug|Any CPU
		{B2A5CFA8-65EB-4FF3-A043-980FF4871781}.Release|Any CPU.ActiveCfg = Release|Any CPU
		{B2A5CFA8-65EB-4FF3-A043-980FF4871781}.Release|Any CPU.Build.0 = Release|Any CPU
	EndGlobalSection
	GlobalSection(SolutionProperties) = preSolution
		HideSolutionNode = FALSE
	EndGlobalSection
	GlobalSection(ExtensibilityGlobals) = postSolution
		SolutionGuid = {EC5602AF-23A4-40BD-BDFF-D4BFE9194FC6}
	EndGlobalSection
EndGlobal
